// !$*UTF8*$!
{
	archiveVersion = 1;
	classes = {
	};
	objectVersion = 46;
	objects = {

/* Begin PBXBuildFile section */
		70B182651F6E13CE00056657 /* InstaSp ts.jpg in Resources */ = {isa = PBXBuildFile; fileRef = 70B182641F6E13CE00056657 /* InstaSp ts.jpg */; };
		BAE532CD1F6E07BF00FDEB74 /* AppDelegate.swift in Sources */ = {isa = PBXBuildFile; fileRef = BAE532CC1F6E07BF00FDEB74 /* AppDelegate.swift */; };
		BAE532CF1F6E07BF00FDEB74 /* LoginVC.swift in Sources */ = {isa = PBXBuildFile; fileRef = BAE532CE1F6E07BF00FDEB74 /* LoginVC.swift */; };
		BAE532D21F6E07BF00FDEB74 /* Main.storyboard in Resources */ = {isa = PBXBuildFile; fileRef = BAE532D01F6E07BF00FDEB74 /* Main.storyboard */; };
		BAE532D41F6E07BF00FDEB74 /* Assets.xcassets in Resources */ = {isa = PBXBuildFile; fileRef = BAE532D31F6E07BF00FDEB74 /* Assets.xcassets */; };
		BAE532D71F6E07BF00FDEB74 /* LaunchScreen.storyboard in Resources */ = {isa = PBXBuildFile; fileRef = BAE532D51F6E07BF00FDEB74 /* LaunchScreen.storyboard */; };
/* End PBXBuildFile section */

/* Begin PBXFileReference section */
		BAE532C91F6E07BF00FDEB74 /* InstaSpots.app */ = {isa = PBXFileReference; explicitFileType = wrapper.application; includeInIndex = 0; path = InstaSpots.app; sourceTree = BUILT_PRODUCTS_DIR; };
		BAE532CC1F6E07BF00FDEB74 /* AppDelegate.swift */ = {isa = PBXFileReference; lastKnownFileType = sourcecode.swift; path = AppDelegate.swift; sourceTree = "<group>"; };
		BAE532CE1F6E07BF00FDEB74 /* LoginVC.swift */ = {isa = PBXFileReference; lastKnownFileType = sourcecode.swift; path = LoginVC.swift; sourceTree = "<group>"; };
		BAE532D11F6E07BF00FDEB74 /* Base */ = {isa = PBXFileReference; lastKnownFileType = file.storyboard; name = Base; path = Base.lproj/Main.storyboard; sourceTree = "<group>"; };
		BAE532D31F6E07BF00FDEB74 /* Assets.xcassets */ = {isa = PBXFileReference; lastKnownFileType = folder.assetcatalog; path = Assets.xcassets; sourceTree = "<group>"; };
		BAE532D61F6E07BF00FDEB74 /* Base */ = {isa = PBXFileReference; lastKnownFileType = file.storyboard; name = Base; path = Base.lproj/LaunchScreen.storyboard; sourceTree = "<group>"; };
		BAE532D81F6E07BF00FDEB74 /* Info.plist */ = {isa = PBXFileReference; lastKnownFileType = text.plist.xml; path = Info.plist; sourceTree = "<group>"; };
/* End PBXFileReference section */

/* Begin PBXFrameworksBuildPhase section */
		BAE532C61F6E07BF00FDEB74 /* Frameworks */ = {
			isa = PBXFrameworksBuildPhase;
			buildActionMask = 2147483647;
			files = (
			);
			runOnlyForDeploymentPostprocessing = 0;
		};
/* End PBXFrameworksBuildPhase section */

/* Begin PBXGroup section */
		BAE532C01F6E07BF00FDEB74 = {
			isa = PBXGroup;
			children = (
				BAE532CB1F6E07BF00FDEB74 /* InstaSpots */,
				BAE532CA1F6E07BF00FDEB74 /* Products */,
			);
			sourceTree = "<group>";
		};
		BAE532CA1F6E07BF00FDEB74 /* Products */ = {
			isa = PBXGroup;
			children = (
				BAE532C91F6E07BF00FDEB74 /* InstaSpots.app */,
			);
			name = Products;
			sourceTree = "<group>";
		};
		BAE532CB1F6E07BF00FDEB74 /* InstaSpots */ = {
			isa = PBXGroup;
			children = (
				BAE532CC1F6E07BF00FDEB74 /* AppDelegate.swift */,
				BAE532CE1F6E07BF00FDEB74 /* LoginVC.swift */,
				BAE532D01F6E07BF00FDEB74 /* Main.storyboard */,
				BAE532D31F6E07BF00FDEB74 /* Assets.xcassets */,
				BAE532D51F6E07BF00FDEB74 /* LaunchScreen.storyboard */,
				70B182641F6E13CE00056657 /* InstaSp ts.jpg */,
				BAE532D81F6E07BF00FDEB74 /* Info.plist */,
				BA3EF6F31F6E11A6006C1E0E /* Constant.swift */,
				BA763C481F6E14CB001BC5CC /* userClass.swift */,
			);
			path = InstaSpots;
			sourceTree = "<group>";
		};
/* End PBXGroup section */

/* Begin PBXNativeTarget section */
		BAE532C81F6E07BF00FDEB74 /* InstaSpots */ = {
			isa = PBXNativeTarget;
			buildConfigurationList = BAE532DB1F6E07BF00FDEB74 /* Build configuration list for PBXNativeTarget "InstaSpots" */;
			buildPhases = (
				BAE532C51F6E07BF00FDEB74 /* Sources */,
				BAE532C61F6E07BF00FDEB74 /* Frameworks */,
				BAE532C71F6E07BF00FDEB74 /* Resources */,
			);
			buildRules = (
			);
			dependencies = (
			);
			name = InstaSpots;
			productName = InstaSpots;
			productReference = BAE532C91F6E07BF00FDEB74 /* InstaSpots.app */;
			productType = "com.apple.product-type.application";
		};
/* End PBXNativeTarget section */

/* Begin PBXProject section */
		BAE532C11F6E07BF00FDEB74 /* Project object */ = {
			isa = PBXProject;
			attributes = {
				LastSwiftUpdateCheck = 0830;
				LastUpgradeCheck = 0830;
				ORGANIZATIONNAME = "Dhawal Majithia";
				TargetAttributes = {
					BAE532C81F6E07BF00FDEB74 = {
						CreatedOnToolsVersion = 8.3.2;
						DevelopmentTeam = 7QJG34GH36;
						ProvisioningStyle = Automatic;
					};
				};
			};
			buildConfigurationList = BAE532C41F6E07BF00FDEB74 /* Build configuration list for PBXProject "InstaSpots" */;
			compatibilityVersion = "Xcode 3.2";
			developmentRegion = English;
			hasScannedForEncodings = 0;
			knownRegions = (
				en,
				Base,
			);
			mainGroup = BAE532C01F6E07BF00FDEB74;
			productRefGroup = BAE532CA1F6E07BF00FDEB74 /* Products */;
			projectDirPath = "";
			projectRoot = "";
			targets = (
				BAE532C81F6E07BF00FDEB74 /* InstaSpots */,
			);
		};
/* End PBXProject section */

/* Begin PBXResourcesBuildPhase section */
		BAE532C71F6E07BF00FDEB74 /* Resources */ = {
			isa = PBXResourcesBuildPhase;
			buildActionMask = 2147483647;
			files = (
				BAE532D71F6E07BF00FDEB74 /* LaunchScreen.storyboard in Resources */,
				BAE532D41F6E07BF00FDEB74 /* Assets.xcassets in Resources */,
				70B182651F6E13CE00056657 /* InstaSp ts.jpg in Resources */,
				BAE532D21F6E07BF00FDEB74 /* Main.storyboard in Resources */,
			);
			runOnlyForDeploymentPostprocessing = 0;
		};
/* End PBXResourcesBuildPhase section */

/* Begin PBXSourcesBuildPhase section */
		BAE532C51F6E07BF00FDEB74 /* Sources */ = {
			isa = PBXSourcesBuildPhase;
			buildActionMask = 2147483647;
			files = (
				BAE532CF1F6E07BF00FDEB74 /* LoginVC.swift in Sources */,
				BAE532CD1F6E07BF00FDEB74 /* AppDelegate.swift in Sources */,
				BA3EF6F41F6E11A6006C1E0E /* Constant.swift in Sources */,
				BA763C491F6E14CB001BC5CC /* userClass.swift in Sources */,
			);
			runOnlyForDeploymentPostprocessing = 0;
		};
/* End PBXSourcesBuildPhase section */

/* Begin PBXVariantGroup section */
		BAE532D01F6E07BF00FDEB74 /* Main.storyboard */ = {
			isa = PBXVariantGroup;
			children = (
				BAE532D11F6E07BF00FDEB74 /* Base */,
			);
			name = Main.storyboard;
			sourceTree = "<group>";
		};
		BAE532D51F6E07BF00FDEB74 /* LaunchScreen.storyboard */ = {
			isa = PBXVariantGroup;
			children = (
				BAE532D61F6E07BF00FDEB74 /* Base */,
			);
			name = LaunchScreen.storyboard;
			sourceTree = "<group>";
		};
/* End PBXVariantGroup section */

/* Begin XCBuildConfiguration section */
		BAE532D91F6E07BF00FDEB74 /* Debug */ = {
			isa = XCBuildConfiguration;
			buildSettings = {
				ALWAYS_SEARCH_USER_PATHS = NO;
				CLANG_ANALYZER_NONNULL = YES;
				CLANG_ANALYZER_NUMBER_OBJECT_CONVERSION = YES_AGGRESSIVE;
				CLANG_CXX_LANGUAGE_STANDARD = "gnu++0x";
				CLANG_CXX_LIBRARY = "libc++";
				CLANG_ENABLE_MODULES = YES;
				CLANG_ENABLE_OBJC_ARC = YES;
				CLANG_WARN_BOOL_CONVERSION = YES;
				CLANG_WARN_CONSTANT_CONVERSION = YES;
				CLANG_WARN_DIRECT_OBJC_ISA_USAGE = YES_ERROR;
				CLANG_WARN_DOCUMENTATION_COMMENTS = YES;
				CLANG_WARN_EMPTY_BODY = YES;
				CLANG_WARN_ENUM_CONVERSION = YES;
				CLANG_WARN_INFINITE_RECURSION = YES;
				CLANG_WARN_INT_CONVERSION = YES;
				CLANG_WARN_OBJC_ROOT_CLASS = YES_ERROR;
				CLANG_WARN_SUSPICIOUS_MOVE = YES;
				CLANG_WARN_UNREACHABLE_CODE = YES;
				CLANG_WARN__DUPLICATE_METHOD_MATCH = YES;
				"CODE_SIGN_IDENTITY[sdk=iphoneos*]" = "iPhone Developer";
				COPY_PHASE_STRIP = NO;
				DEBUG_INFORMATION_FORMAT = dwarf;
				ENABLE_STRICT_OBJC_MSGSEND = YES;
				ENABLE_TESTABILITY = YES;
				GCC_C_LANGUAGE_STANDARD = gnu99;
				GCC_DYNAMIC_NO_PIC = NO;
				GCC_NO_COMMON_BLOCKS = YES;
				GCC_OPTIMIZATION_LEVEL = 0;
				GCC_PREPROCESSOR_DEFINITIONS = (
					"DEBUG=1",
					"$(inherited)",
				);
				GCC_WARN_64_TO_32_BIT_CONVERSION = YES;
				GCC_WARN_ABOUT_RETURN_TYPE = YES_ERROR;
				GCC_WARN_UNDECLARED_SELECTOR = YES;
				GCC_WARN_UNINITIALIZED_AUTOS = YES_AGGRESSIVE;
				GCC_WARN_UNUSED_FUNCTION = YES;
				GCC_WARN_UNUSED_VARIABLE = YES;
				IPHONEOS_DEPLOYMENT_TARGET = 10.3;
				MTL_ENABLE_DEBUG_INFO = YES;
				ONLY_ACTIVE_ARCH = YES;
				SDKROOT = iphoneos;
				SWIFT_ACTIVE_COMPILATION_CONDITIONS = DEBUG;
				SWIFT_OPTIMIZATION_LEVEL = "-Onone";
			};
			name = Debug;
		};
		BAE532DA1F6E07BF00FDEB74 /* Release */ = {
			isa = XCBuildConfiguration;
			buildSettings = {
				ALWAYS_SEARCH_USER_PATHS = NO;
				CLANG_ANALYZER_NONNULL = YES;
				CLANG_ANALYZER_NUMBER_OBJECT_CONVERSION = YES_AGGRESSIVE;
				CLANG_CXX_LANGUAGE_STANDARD = "gnu++0x";
				CLANG_CXX_LIBRARY = "libc++";
				CLANG_ENABLE_MODULES = YES;
				CLANG_ENABLE_OBJC_ARC = YES;
				CLANG_WARN_BOOL_CONVERSION = YES;
				CLANG_WARN_CONSTANT_CONVERSION = YES;
				CLANG_WARN_DIRECT_OBJC_ISA_USAGE = YES_ERROR;
				CLANG_WARN_DOCUMENTATION_COMMENTS = YES;
				CLANG_WARN_EMPTY_BODY = YES;
				CLANG_WARN_ENUM_CONVERSION = YES;
				CLANG_WARN_INFINITE_RECURSION = YES;
				CLANG_WARN_INT_CONVERSION = YES;
				CLANG_WARN_OBJC_ROOT_CLASS = YES_ERROR;
				CLANG_WARN_SUSPICIOUS_MOVE = YES;
				CLANG_WARN_UNREACHABLE_CODE = YES;
				CLANG_WARN__DUPLICATE_METHOD_MATCH = YES;
				"CODE_SIGN_IDENTITY[sdk=iphoneos*]" = "iPhone Developer";
				COPY_PHASE_STRIP = NO;
				DEBUG_INFORMATION_FORMAT = "dwarf-with-dsym";
				ENABLE_NS_ASSERTIONS = NO;
				ENABLE_STRICT_OBJC_MSGSEND = YES;
				GCC_C_LANGUAGE_STANDARD = gnu99;
				GCC_NO_COMMON_BLOCKS = YES;
				GCC_WARN_64_TO_32_BIT_CONVERSION = YES;
				GCC_WARN_ABOUT_RETURN_TYPE = YES_ERROR;
				GCC_WARN_UNDECLARED_SELECTOR = YES;
				GCC_WARN_UNINITIALIZED_AUTOS = YES_AGGRESSIVE;
				GCC_WARN_UNUSED_FUNCTION = YES;
				GCC_WARN_UNUSED_VARIABLE = YES;
				IPHONEOS_DEPLOYMENT_TARGET = 10.3;
				MTL_ENABLE_DEBUG_INFO = NO;
				SDKROOT = iphoneos;
				SWIFT_OPTIMIZATION_LEVEL = "-Owholemodule";
				VALIDATE_PRODUCT = YES;
			};
			name = Release;
		};
		BAE532DC1F6E07BF00FDEB74 /* Debug */ = {
			isa = XCBuildConfiguration;
			buildSettings = {
				ASSETCATALOG_COMPILER_APPICON_NAME = AppIcon;
				DEVELOPMENT_TEAM = 7QJG34GH36;
				INFOPLIST_FILE = InstaSpots/Info.plist;
				LD_RUNPATH_SEARCH_PATHS = "$(inherited) @executable_path/Frameworks";
				PRODUCT_BUNDLE_IDENTIFIER = IS.InstaSpots;
				PRODUCT_NAME = "$(TARGET_NAME)";
				SWIFT_VERSION = 3.0;
			};
			name = Debug;
		};
		BAE532DD1F6E07BF00FDEB74 /* Release */ = {
			isa = XCBuildConfiguration;
			buildSettings = {
				ASSETCATALOG_COMPILER_APPICON_NAME = AppIcon;
				DEVELOPMENT_TEAM = 7QJG34GH36;
				INFOPLIST_FILE = InstaSpots/Info.plist;
				LD_RUNPATH_SEARCH_PATHS = "$(inherited) @executable_path/Frameworks";
				PRODUCT_BUNDLE_IDENTIFIER = IS.InstaSpots;
				PRODUCT_NAME = "$(TARGET_NAME)";
				SWIFT_VERSION = 3.0;
			};
			name = Release;
		};
/* End XCBuildConfiguration section */

/* Begin XCConfigurationList section */
		BAE532C41F6E07BF00FDEB74 /* Build configuration list for PBXProject "InstaSpots" */ = {
			isa = XCConfigurationList;
			buildConfigurations = (
				BAE532D91F6E07BF00FDEB74 /* Debug */,
				BAE532DA1F6E07BF00FDEB74 /* Release */,
			);
			defaultConfigurationIsVisible = 0;
			defaultConfigurationName = Release;
		};
		BAE532DB1F6E07BF00FDEB74 /* Build configuration list for PBXNativeTarget "InstaSpots" */ = {
			isa = XCConfigurationList;
			buildConfigurations = (
				BAE532DC1F6E07BF00FDEB74 /* Debug */,
				BAE532DD1F6E07BF00FDEB74 /* Release */,
			);
			defaultConfigurationIsVisible = 0;
			defaultConfigurationName = Release;
		};
/* End XCConfigurationList section */
	};
	rootObject = BAE532C11F6E07BF00FDEB74 /* Project object */;
}
